PODS:
  - CBFlashyTabBarController (0.8.3)

DEPENDENCIES:
  - CBFlashyTabBarController

SPEC REPOS:
  trunk:
    - CBFlashyTabBarController

SPEC CHECKSUMS:
  CBFlashyTabBarController: bc6b11dd4cbc9b54785c8944156e2f4d4f03b088

PODFILE CHECKSUM: d00eeca7fd7a4cd19891082a173b81398e52caa7

COCOAPODS: 1.11.2
