// !$*UTF8*$!
{
	archiveVersion = 1;
	classes = {
	};
	objectVersion = 55;
	objects = {

/* Begin PBXBuildFile section */
		90B97F7BC865C5D3DD6881CF /* Pods_Barcodrop.framework in Frameworks */ = {isa = PBXBuildFile; fileRef = 7C1BDD49D0158B8A4EFE416B /* Pods_Barcodrop.framework */; };
		D23E92A6279C3C070093AC28 /* Main.storyboard in Resources */ = {isa = PBXBuildFile; fileRef = D23E92A5279C3C070093AC28 /* Main.storyboard */; };
		D23E92AA279C3F6E0093AC28 /* HomeViewController.swift in Sources */ = {isa = PBXBuildFile; fileRef = D23E92A9279C3F6E0093AC28 /* HomeViewController.swift */; };
		D23E92AC279C3F810093AC28 /* CategoryViewController.swift in Sources */ = {isa = PBXBuildFile; fileRef = D23E92AB279C3F810093AC28 /* CategoryViewController.swift */; };
		D23E92AE279C3F880093AC28 /* SettingViewController.swift in Sources */ = {isa = PBXBuildFile; fileRef = D23E92AD279C3F880093AC28 /* SettingViewController.swift */; };
		D23E92B0279C43EC0093AC28 /* StatusViewController.swift in Sources */ = {isa = PBXBuildFile; fileRef = D23E92AF279C43EC0093AC28 /* StatusViewController.swift */; };
		D23E92B4279C51440093AC28 /* HomeView.swift in Sources */ = {isa = PBXBuildFile; fileRef = D23E92B3279C51440093AC28 /* HomeView.swift */; };
		D23EFC3027AEA89D0041E227 /* ListHeaderItem.swift in Sources */ = {isa = PBXBuildFile; fileRef = D23EFC2F27AEA89D0041E227 /* ListHeaderItem.swift */; };
		D24016E6279EDE63008F763B /* FloatingView.swift in Sources */ = {isa = PBXBuildFile; fileRef = D24016E5279EDE63008F763B /* FloatingView.swift */; };
		D24016EC27A41013008F763B /* Log.swift in Sources */ = {isa = PBXBuildFile; fileRef = D24016EB27A41013008F763B /* Log.swift */; };
		D24016EE27A5725E008F763B /* Device.swift in Sources */ = {isa = PBXBuildFile; fileRef = D24016ED27A5725E008F763B /* Device.swift */; };
		D24016F027A82EB5008F763B /* UIFont.swift in Sources */ = {isa = PBXBuildFile; fileRef = D24016EF27A82EB5008F763B /* UIFont.swift */; };
		D265AE2527ABCE6800390A05 /* ListView.swift in Sources */ = {isa = PBXBuildFile; fileRef = D265AE2427ABCE6800390A05 /* ListView.swift */; };
		D2674A74279D12560044A957 /* HomeProductCollectionViewCell.swift in Sources */ = {isa = PBXBuildFile; fileRef = D2674A73279D12560044A957 /* HomeProductCollectionViewCell.swift */; };
		D2674A76279D1DD80044A957 /* HelpPopUpView.swift in Sources */ = {isa = PBXBuildFile; fileRef = D2674A75279D1DD80044A957 /* HelpPopUpView.swift */; };
		D27712BB27AD4FF100FAF27C /* UIViewController.swift in Sources */ = {isa = PBXBuildFile; fileRef = D27712BA27AD4FF100FAF27C /* UIViewController.swift */; };
		D2C6234727A1750A000D6D62 /* CategoryView.swift in Sources */ = {isa = PBXBuildFile; fileRef = D2C6234627A1750A000D6D62 /* CategoryView.swift */; };
		D2C6234A27A1785D000D6D62 /* Constant.swift in Sources */ = {isa = PBXBuildFile; fileRef = D2C6234927A1785D000D6D62 /* Constant.swift */; };
		D2CBB69C279442130052F41E /* AppDelegate.swift in Sources */ = {isa = PBXBuildFile; fileRef = D2CBB69B279442130052F41E /* AppDelegate.swift */; };
		D2CBB69E279442130052F41E /* SceneDelegate.swift in Sources */ = {isa = PBXBuildFile; fileRef = D2CBB69D279442130052F41E /* SceneDelegate.swift */; };
		D2CBB6A5279442130052F41E /* Assets.xcassets in Resources */ = {isa = PBXBuildFile; fileRef = D2CBB6A4279442130052F41E /* Assets.xcassets */; };
		D2CBB6A8279442130052F41E /* LaunchScreen.storyboard in Resources */ = {isa = PBXBuildFile; fileRef = D2CBB6A6279442130052F41E /* LaunchScreen.storyboard */; };
/* End PBXBuildFile section */

/* Begin PBXFileReference section */
		59CBA36907BC06EFFE01C774 /* Pods-Barcodrop.release.xcconfig */ = {isa = PBXFileReference; includeInIndex = 1; lastKnownFileType = text.xcconfig; name = "Pods-Barcodrop.release.xcconfig"; path = "Target Support Files/Pods-Barcodrop/Pods-Barcodrop.release.xcconfig"; sourceTree = "<group>"; };
		7C1BDD49D0158B8A4EFE416B /* Pods_Barcodrop.framework */ = {isa = PBXFileReference; explicitFileType = wrapper.framework; includeInIndex = 0; path = Pods_Barcodrop.framework; sourceTree = BUILT_PRODUCTS_DIR; };
		C8C6F5B9CA0C17098B70215E /* Pods-Barcodrop.debug.xcconfig */ = {isa = PBXFileReference; includeInIndex = 1; lastKnownFileType = text.xcconfig; name = "Pods-Barcodrop.debug.xcconfig"; path = "Target Support Files/Pods-Barcodrop/Pods-Barcodrop.debug.xcconfig"; sourceTree = "<group>"; };
		D23E92A5279C3C070093AC28 /* Main.storyboard */ = {isa = PBXFileReference; lastKnownFileType = file.storyboard; path = Main.storyboard; sourceTree = "<group>"; };
		D23E92A9279C3F6E0093AC28 /* HomeViewController.swift */ = {isa = PBXFileReference; lastKnownFileType = sourcecode.swift; path = HomeViewController.swift; sourceTree = "<group>"; };
		D23E92AB279C3F810093AC28 /* CategoryViewController.swift */ = {isa = PBXFileReference; lastKnownFileType = sourcecode.swift; path = CategoryViewController.swift; sourceTree = "<group>"; };
		D23E92AD279C3F880093AC28 /* SettingViewController.swift */ = {isa = PBXFileReference; lastKnownFileType = sourcecode.swift; path = SettingViewController.swift; sourceTree = "<group>"; };
		D23E92AF279C43EC0093AC28 /* StatusViewController.swift */ = {isa = PBXFileReference; lastKnownFileType = sourcecode.swift; path = StatusViewController.swift; sourceTree = "<group>"; };
		D23E92B3279C51440093AC28 /* HomeView.swift */ = {isa = PBXFileReference; lastKnownFileType = sourcecode.swift; path = HomeView.swift; sourceTree = "<group>"; };
		D23EFC2F27AEA89D0041E227 /* ListHeaderItem.swift */ = {isa = PBXFileReference; lastKnownFileType = sourcecode.swift; path = ListHeaderItem.swift; sourceTree = "<group>"; };
		D24016E5279EDE63008F763B /* FloatingView.swift */ = {isa = PBXFileReference; lastKnownFileType = sourcecode.swift; path = FloatingView.swift; sourceTree = "<group>"; };
		D24016EB27A41013008F763B /* Log.swift */ = {isa = PBXFileReference; lastKnownFileType = sourcecode.swift; path = Log.swift; sourceTree = "<group>"; };
		D24016ED27A5725E008F763B /* Device.swift */ = {isa = PBXFileReference; lastKnownFileType = sourcecode.swift; path = Device.swift; sourceTree = "<group>"; };
		D24016EF27A82EB5008F763B /* UIFont.swift */ = {isa = PBXFileReference; lastKnownFileType = sourcecode.swift; path = UIFont.swift; sourceTree = "<group>"; };
		D265AE2427ABCE6800390A05 /* ListView.swift */ = {isa = PBXFileReference; lastKnownFileType = sourcecode.swift; path = ListView.swift; sourceTree = "<group>"; };
		D2674A73279D12560044A957 /* HomeProductCollectionViewCell.swift */ = {isa = PBXFileReference; lastKnownFileType = sourcecode.swift; path = HomeProductCollectionViewCell.swift; sourceTree = "<group>"; };
		D2674A75279D1DD80044A957 /* HelpPopUpView.swift */ = {isa = PBXFileReference; lastKnownFileType = sourcecode.swift; path = HelpPopUpView.swift; sourceTree = "<group>"; };
		D27712BA27AD4FF100FAF27C /* UIViewController.swift */ = {isa = PBXFileReference; lastKnownFileType = sourcecode.swift; path = UIViewController.swift; sourceTree = "<group>"; };
		D2C6234627A1750A000D6D62 /* CategoryView.swift */ = {isa = PBXFileReference; lastKnownFileType = sourcecode.swift; path = CategoryView.swift; sourceTree = "<group>"; };
		D2C6234927A1785D000D6D62 /* Constant.swift */ = {isa = PBXFileReference; lastKnownFileType = sourcecode.swift; path = Constant.swift; sourceTree = "<group>"; };
		D2CBB698279442130052F41E /* Barcodrop.app */ = {isa = PBXFileReference; explicitFileType = wrapper.application; includeInIndex = 0; path = Barcodrop.app; sourceTree = BUILT_PRODUCTS_DIR; };
		D2CBB69B279442130052F41E /* AppDelegate.swift */ = {isa = PBXFileReference; lastKnownFileType = sourcecode.swift; path = AppDelegate.swift; sourceTree = "<group>"; };
		D2CBB69D279442130052F41E /* SceneDelegate.swift */ = {isa = PBXFileReference; lastKnownFileType = sourcecode.swift; path = SceneDelegate.swift; sourceTree = "<group>"; };
		D2CBB6A4279442130052F41E /* Assets.xcassets */ = {isa = PBXFileReference; lastKnownFileType = folder.assetcatalog; path = Assets.xcassets; sourceTree = "<group>"; };
		D2CBB6A7279442130052F41E /* Base */ = {isa = PBXFileReference; lastKnownFileType = file.storyboard; name = Base; path = Base.lproj/LaunchScreen.storyboard; sourceTree = "<group>"; };
		D2CBB6A9279442130052F41E /* Info.plist */ = {isa = PBXFileReference; lastKnownFileType = text.plist.xml; path = Info.plist; sourceTree = "<group>"; };
/* End PBXFileReference section */

/* Begin PBXFrameworksBuildPhase section */
		D2CBB695279442130052F41E /* Frameworks */ = {
			isa = PBXFrameworksBuildPhase;
			buildActionMask = 2147483647;
			files = (
				90B97F7BC865C5D3DD6881CF /* Pods_Barcodrop.framework in Frameworks */,
			);
			runOnlyForDeploymentPostprocessing = 0;
		};
/* End PBXFrameworksBuildPhase section */

/* Begin PBXGroup section */
		1EFB0076BFA9D955E6565F60 /* Pods */ = {
			isa = PBXGroup;
			children = (
				C8C6F5B9CA0C17098B70215E /* Pods-Barcodrop.debug.xcconfig */,
				59CBA36907BC06EFFE01C774 /* Pods-Barcodrop.release.xcconfig */,
			);
			path = Pods;
			sourceTree = "<group>";
		};
		78F95689C658754198AF1D80 /* Frameworks */ = {
			isa = PBXGroup;
			children = (
				7C1BDD49D0158B8A4EFE416B /* Pods_Barcodrop.framework */,
			);
			name = Frameworks;
			sourceTree = "<group>";
		};
		D23E92A8279C3F5C0093AC28 /* VC */ = {
			isa = PBXGroup;
			children = (
				D23E92AF279C43EC0093AC28 /* StatusViewController.swift */,
				D23E92AD279C3F880093AC28 /* SettingViewController.swift */,
			);
			path = VC;
			sourceTree = "<group>";
		};
		D23E92B1279C51260093AC28 /* Home */ = {
			isa = PBXGroup;
			children = (
				D23E92B5279C51470093AC28 /* View */,
				D23E92B2279C512F0093AC28 /* Controller */,
			);
			path = Home;
			sourceTree = "<group>";
		};
		D23E92B2279C512F0093AC28 /* Controller */ = {
			isa = PBXGroup;
			children = (
				D23E92A9279C3F6E0093AC28 /* HomeViewController.swift */,
			);
			path = Controller;
			sourceTree = "<group>";
		};
		D23E92B5279C51470093AC28 /* View */ = {
			isa = PBXGroup;
			children = (
				D24016E827A1889A008F763B /* Cells */,
				D23E92B3279C51440093AC28 /* HomeView.swift */,
				D2674A75279D1DD80044A957 /* HelpPopUpView.swift */,
				D24016E5279EDE63008F763B /* FloatingView.swift */,
			);
			path = View;
			sourceTree = "<group>";
		};
		D24016E727A01FE4008F763B /* App */ = {
			isa = PBXGroup;
			children = (
				D2CBB69B279442130052F41E /* AppDelegate.swift */,
				D2CBB69D279442130052F41E /* SceneDelegate.swift */,
			);
			path = App;
			sourceTree = "<group>";
		};
		D24016E827A1889A008F763B /* Cells */ = {
			isa = PBXGroup;
			children = (
				D2674A73279D12560044A957 /* HomeProductCollectionViewCell.swift */,
			);
			path = Cells;
			sourceTree = "<group>";
		};
		D281368727AACAF2002221A9 /* Extension */ = {
			isa = PBXGroup;
			children = (
				D24016EF27A82EB5008F763B /* UIFont.swift */,
				D27712BA27AD4FF100FAF27C /* UIViewController.swift */,
			);
			path = Extension;
			sourceTree = "<group>";
		};
		D281368827AACB1A002221A9 /* Setting */ = {
			isa = PBXGroup;
			children = (
				D24016EB27A41013008F763B /* Log.swift */,
				D24016ED27A5725E008F763B /* Device.swift */,
			);
			path = Setting;
			sourceTree = "<group>";
		};
		D281368927AACB3F002221A9 /* Constant */ = {
			isa = PBXGroup;
			children = (
				D2C6234927A1785D000D6D62 /* Constant.swift */,
			);
			path = Constant;
			sourceTree = "<group>";
		};
		D2C6234327A1744F000D6D62 /* Category */ = {
			isa = PBXGroup;
			children = (
				D2C6234427A1745C000D6D62 /* View */,
				D2C6234527A17462000D6D62 /* Controller */,
			);
			path = Category;
			sourceTree = "<group>";
		};
		D2C6234427A1745C000D6D62 /* View */ = {
			isa = PBXGroup;
			children = (
				D2C6234627A1750A000D6D62 /* CategoryView.swift */,
				D23EFC2F27AEA89D0041E227 /* ListHeaderItem.swift */,
				D265AE2427ABCE6800390A05 /* ListView.swift */,
			);
			path = View;
			sourceTree = "<group>";
		};
		D2C6234527A17462000D6D62 /* Controller */ = {
			isa = PBXGroup;
			children = (
				D23E92AB279C3F810093AC28 /* CategoryViewController.swift */,
			);
			path = Controller;
			sourceTree = "<group>";
		};
		D2C6234827A177F4000D6D62 /* Common */ = {
			isa = PBXGroup;
			children = (
				D281368927AACB3F002221A9 /* Constant */,
				D281368827AACB1A002221A9 /* Setting */,
				D281368727AACAF2002221A9 /* Extension */,
			);
			path = Common;
			sourceTree = "<group>";
		};
		D2CBB68F279442130052F41E = {
			isa = PBXGroup;
			children = (
				D2CBB69A279442130052F41E /* Barcodrop */,
				D2CBB699279442130052F41E /* Products */,
				1EFB0076BFA9D955E6565F60 /* Pods */,
				78F95689C658754198AF1D80 /* Frameworks */,
			);
			sourceTree = "<group>";
		};
		D2CBB699279442130052F41E /* Products */ = {
			isa = PBXGroup;
			children = (
				D2CBB698279442130052F41E /* Barcodrop.app */,
			);
			name = Products;
			sourceTree = "<group>";
		};
		D2CBB69A279442130052F41E /* Barcodrop */ = {
			isa = PBXGroup;
			children = (
				D24016E727A01FE4008F763B /* App */,
				D2C6234827A177F4000D6D62 /* Common */,
				D23E92B1279C51260093AC28 /* Home */,
				D2C6234327A1744F000D6D62 /* Category */,
				D23E92A8279C3F5C0093AC28 /* VC */,
				D2CBB6A4279442130052F41E /* Assets.xcassets */,
				D2CBB6A6279442130052F41E /* LaunchScreen.storyboard */,
				D23E92A5279C3C070093AC28 /* Main.storyboard */,
				D2CBB6A9279442130052F41E /* Info.plist */,
			);
			path = Barcodrop;
			sourceTree = "<group>";
		};
/* End PBXGroup section */

/* Begin PBXNativeTarget section */
		D2CBB697279442130052F41E /* Barcodrop */ = {
			isa = PBXNativeTarget;
			buildConfigurationList = D2CBB6AC279442130052F41E /* Build configuration list for PBXNativeTarget "Barcodrop" */;
			buildPhases = (
				2051C48E44F6E4A3B8E46E58 /* [CP] Check Pods Manifest.lock */,
				D2CBB694279442130052F41E /* Sources */,
				D2CBB695279442130052F41E /* Frameworks */,
				D2CBB696279442130052F41E /* Resources */,
				F43D5A65F9327B4DDE8DC827 /* [CP] Embed Pods Frameworks */,
			);
			buildRules = (
			);
			dependencies = (
			);
			name = Barcodrop;
			productName = Barcodrop;
			productReference = D2CBB698279442130052F41E /* Barcodrop.app */;
			productType = "com.apple.product-type.application";
		};
/* End PBXNativeTarget section */

/* Begin PBXProject section */
		D2CBB690279442130052F41E /* Project object */ = {
			isa = PBXProject;
			attributes = {
				BuildIndependentTargetsInParallel = 1;
				LastSwiftUpdateCheck = 1320;
				LastUpgradeCheck = 1320;
				TargetAttributes = {
					D2CBB697279442130052F41E = {
						CreatedOnToolsVersion = 13.2.1;
					};
				};
			};
			buildConfigurationList = D2CBB693279442130052F41E /* Build configuration list for PBXProject "Barcodrop" */;
			compatibilityVersion = "Xcode 13.0";
			developmentRegion = en;
			hasScannedForEncodings = 0;
			knownRegions = (
				en,
				Base,
			);
			mainGroup = D2CBB68F279442130052F41E;
			productRefGroup = D2CBB699279442130052F41E /* Products */;
			projectDirPath = "";
			projectRoot = "";
			targets = (
				D2CBB697279442130052F41E /* Barcodrop */,
			);
		};
/* End PBXProject section */

/* Begin PBXResourcesBuildPhase section */
		D2CBB696279442130052F41E /* Resources */ = {
			isa = PBXResourcesBuildPhase;
			buildActionMask = 2147483647;
			files = (
				D23E92A6279C3C070093AC28 /* Main.storyboard in Resources */,
				D2CBB6A8279442130052F41E /* LaunchScreen.storyboard in Resources */,
				D2CBB6A5279442130052F41E /* Assets.xcassets in Resources */,
			);
			runOnlyForDeploymentPostprocessing = 0;
		};
/* End PBXResourcesBuildPhase section */

/* Begin PBXShellScriptBuildPhase section */
		2051C48E44F6E4A3B8E46E58 /* [CP] Check Pods Manifest.lock */ = {
			isa = PBXShellScriptBuildPhase;
			buildActionMask = 2147483647;
			files = (
			);
			inputFileListPaths = (
			);
			inputPaths = (
				"${PODS_PODFILE_DIR_PATH}/Podfile.lock",
				"${PODS_ROOT}/Manifest.lock",
			);
			name = "[CP] Check Pods Manifest.lock";
			outputFileListPaths = (
			);
			outputPaths = (
				"$(DERIVED_FILE_DIR)/Pods-Barcodrop-checkManifestLockResult.txt",
			);
			runOnlyForDeploymentPostprocessing = 0;
			shellPath = /bin/sh;
			shellScript = "diff \"${PODS_PODFILE_DIR_PATH}/Podfile.lock\" \"${PODS_ROOT}/Manifest.lock\" > /dev/null\nif [ $? != 0 ] ; then\n    # print error to STDERR\n    echo \"error: The sandbox is not in sync with the Podfile.lock. Run 'pod install' or update your CocoaPods installation.\" >&2\n    exit 1\nfi\n# This output is used by Xcode 'outputs' to avoid re-running this script phase.\necho \"SUCCESS\" > \"${SCRIPT_OUTPUT_FILE_0}\"\n";
			showEnvVarsInLog = 0;
		};
		F43D5A65F9327B4DDE8DC827 /* [CP] Embed Pods Frameworks */ = {
			isa = PBXShellScriptBuildPhase;
			buildActionMask = 2147483647;
			files = (
			);
			inputFileListPaths = (
				"${PODS_ROOT}/Target Support Files/Pods-Barcodrop/Pods-Barcodrop-frameworks-${CONFIGURATION}-input-files.xcfilelist",
			);
			name = "[CP] Embed Pods Frameworks";
			outputFileListPaths = (
				"${PODS_ROOT}/Target Support Files/Pods-Barcodrop/Pods-Barcodrop-frameworks-${CONFIGURATION}-output-files.xcfilelist",
			);
			runOnlyForDeploymentPostprocessing = 0;
			shellPath = /bin/sh;
			shellScript = "\"${PODS_ROOT}/Target Support Files/Pods-Barcodrop/Pods-Barcodrop-frameworks.sh\"\n";
			showEnvVarsInLog = 0;
		};
/* End PBXShellScriptBuildPhase section */

/* Begin PBXSourcesBuildPhase section */
		D2CBB694279442130052F41E /* Sources */ = {
			isa = PBXSourcesBuildPhase;
			buildActionMask = 2147483647;
			files = (
				D265AE2527ABCE6800390A05 /* ListView.swift in Sources */,
				D23E92AC279C3F810093AC28 /* CategoryViewController.swift in Sources */,
				D23E92B4279C51440093AC28 /* HomeView.swift in Sources */,
				D24016EC27A41013008F763B /* Log.swift in Sources */,
				D2CBB69C279442130052F41E /* AppDelegate.swift in Sources */,
				D2CBB69E279442130052F41E /* SceneDelegate.swift in Sources */,
				D24016EE27A5725E008F763B /* Device.swift in Sources */,
				D24016E6279EDE63008F763B /* FloatingView.swift in Sources */,
				D27712BB27AD4FF100FAF27C /* UIViewController.swift in Sources */,
				D2C6234727A1750A000D6D62 /* CategoryView.swift in Sources */,
				D24016F027A82EB5008F763B /* UIFont.swift in Sources */,
				D2674A76279D1DD80044A957 /* HelpPopUpView.swift in Sources */,
				D23E92AA279C3F6E0093AC28 /* HomeViewController.swift in Sources */,
				D23EFC3027AEA89D0041E227 /* ListHeaderItem.swift in Sources */,
				D23E92B0279C43EC0093AC28 /* StatusViewController.swift in Sources */,
				D23E92AE279C3F880093AC28 /* SettingViewController.swift in Sources */,
				D2674A74279D12560044A957 /* HomeProductCollectionViewCell.swift in Sources */,
				D2C6234A27A1785D000D6D62 /* Constant.swift in Sources */,
			);
			runOnlyForDeploymentPostprocessing = 0;
		};
/* End PBXSourcesBuildPhase section */

/* Begin PBXVariantGroup section */
		D2CBB6A6279442130052F41E /* LaunchScreen.storyboard */ = {
			isa = PBXVariantGroup;
			children = (
				D2CBB6A7279442130052F41E /* Base */,
			);
			name = LaunchScreen.storyboard;
			sourceTree = "<group>";
		};
/* End PBXVariantGroup section */

/* Begin XCBuildConfiguration section */
		D2CBB6AA279442130052F41E /* Debug */ = {
			isa = XCBuildConfiguration;
			buildSettings = {
				ALWAYS_SEARCH_USER_PATHS = NO;
				CLANG_ANALYZER_NONNULL = YES;
				CLANG_ANALYZER_NUMBER_OBJECT_CONVERSION = YES_AGGRESSIVE;
				CLANG_CXX_LANGUAGE_STANDARD = "gnu++17";
				CLANG_CXX_LIBRARY = "libc++";
				CLANG_ENABLE_MODULES = YES;
				CLANG_ENABLE_OBJC_ARC = YES;
				CLANG_ENABLE_OBJC_WEAK = YES;
				CLANG_WARN_BLOCK_CAPTURE_AUTORELEASING = YES;
				CLANG_WARN_BOOL_CONVERSION = YES;
				CLANG_WARN_COMMA = YES;
				CLANG_WARN_CONSTANT_CONVERSION = YES;
				CLANG_WARN_DEPRECATED_OBJC_IMPLEMENTATIONS = YES;
				CLANG_WARN_DIRECT_OBJC_ISA_USAGE = YES_ERROR;
				CLANG_WARN_DOCUMENTATION_COMMENTS = YES;
				CLANG_WARN_EMPTY_BODY = YES;
				CLANG_WARN_ENUM_CONVERSION = YES;
				CLANG_WARN_INFINITE_RECURSION = YES;
				CLANG_WARN_INT_CONVERSION = YES;
				CLANG_WARN_NON_LITERAL_NULL_CONVERSION = YES;
				CLANG_WARN_OBJC_IMPLICIT_RETAIN_SELF = YES;
				CLANG_WARN_OBJC_LITERAL_CONVERSION = YES;
				CLANG_WARN_OBJC_ROOT_CLASS = YES_ERROR;
				CLANG_WARN_QUOTED_INCLUDE_IN_FRAMEWORK_HEADER = YES;
				CLANG_WARN_RANGE_LOOP_ANALYSIS = YES;
				CLANG_WARN_STRICT_PROTOTYPES = YES;
				CLANG_WARN_SUSPICIOUS_MOVE = YES;
				CLANG_WARN_UNGUARDED_AVAILABILITY = YES_AGGRESSIVE;
				CLANG_WARN_UNREACHABLE_CODE = YES;
				CLANG_WARN__DUPLICATE_METHOD_MATCH = YES;
				COPY_PHASE_STRIP = NO;
				DEBUG_INFORMATION_FORMAT = dwarf;
				ENABLE_STRICT_OBJC_MSGSEND = YES;
				ENABLE_TESTABILITY = YES;
				GCC_C_LANGUAGE_STANDARD = gnu11;
				GCC_DYNAMIC_NO_PIC = NO;
				GCC_NO_COMMON_BLOCKS = YES;
				GCC_OPTIMIZATION_LEVEL = 0;
				GCC_PREPROCESSOR_DEFINITIONS = (
					"DEBUG=1",
					"$(inherited)",
				);
				GCC_WARN_64_TO_32_BIT_CONVERSION = YES;
				GCC_WARN_ABOUT_RETURN_TYPE = YES_ERROR;
				GCC_WARN_UNDECLARED_SELECTOR = YES;
				GCC_WARN_UNINITIALIZED_AUTOS = YES_AGGRESSIVE;
				GCC_WARN_UNUSED_FUNCTION = YES;
				GCC_WARN_UNUSED_VARIABLE = YES;
				IPHONEOS_DEPLOYMENT_TARGET = 15.2;
				MTL_ENABLE_DEBUG_INFO = INCLUDE_SOURCE;
				MTL_FAST_MATH = YES;
				ONLY_ACTIVE_ARCH = YES;
				SDKROOT = iphoneos;
				SWIFT_ACTIVE_COMPILATION_CONDITIONS = DEBUG;
				SWIFT_OPTIMIZATION_LEVEL = "-Onone";
			};
			name = Debug;
		};
		D2CBB6AB279442130052F41E /* Release */ = {
			isa = XCBuildConfiguration;
			buildSettings = {
				ALWAYS_SEARCH_USER_PATHS = NO;
				CLANG_ANALYZER_NONNULL = YES;
				CLANG_ANALYZER_NUMBER_OBJECT_CONVERSION = YES_AGGRESSIVE;
				CLANG_CXX_LANGUAGE_STANDARD = "gnu++17";
				CLANG_CXX_LIBRARY = "libc++";
				CLANG_ENABLE_MODULES = YES;
				CLANG_ENABLE_OBJC_ARC = YES;
				CLANG_ENABLE_OBJC_WEAK = YES;
				CLANG_WARN_BLOCK_CAPTURE_AUTORELEASING = YES;
				CLANG_WARN_BOOL_CONVERSION = YES;
				CLANG_WARN_COMMA = YES;
				CLANG_WARN_CONSTANT_CONVERSION = YES;
				CLANG_WARN_DEPRECATED_OBJC_IMPLEMENTATIONS = YES;
				CLANG_WARN_DIRECT_OBJC_ISA_USAGE = YES_ERROR;
				CLANG_WARN_DOCUMENTATION_COMMENTS = YES;
				CLANG_WARN_EMPTY_BODY = YES;
				CLANG_WARN_ENUM_CONVERSION = YES;
				CLANG_WARN_INFINITE_RECURSION = YES;
				CLANG_WARN_INT_CONVERSION = YES;
				CLANG_WARN_NON_LITERAL_NULL_CONVERSION = YES;
				CLANG_WARN_OBJC_IMPLICIT_RETAIN_SELF = YES;
				CLANG_WARN_OBJC_LITERAL_CONVERSION = YES;
				CLANG_WARN_OBJC_ROOT_CLASS = YES_ERROR;
				CLANG_WARN_QUOTED_INCLUDE_IN_FRAMEWORK_HEADER = YES;
				CLANG_WARN_RANGE_LOOP_ANALYSIS = YES;
				CLANG_WARN_STRICT_PROTOTYPES = YES;
				CLANG_WARN_SUSPICIOUS_MOVE = YES;
				CLANG_WARN_UNGUARDED_AVAILABILITY = YES_AGGRESSIVE;
				CLANG_WARN_UNREACHABLE_CODE = YES;
				CLANG_WARN__DUPLICATE_METHOD_MATCH = YES;
				COPY_PHASE_STRIP = NO;
				DEBUG_INFORMATION_FORMAT = "dwarf-with-dsym";
				ENABLE_NS_ASSERTIONS = NO;
				ENABLE_STRICT_OBJC_MSGSEND = YES;
				GCC_C_LANGUAGE_STANDARD = gnu11;
				GCC_NO_COMMON_BLOCKS = YES;
				GCC_WARN_64_TO_32_BIT_CONVERSION = YES;
				GCC_WARN_ABOUT_RETURN_TYPE = YES_ERROR;
				GCC_WARN_UNDECLARED_SELECTOR = YES;
				GCC_WARN_UNINITIALIZED_AUTOS = YES_AGGRESSIVE;
				GCC_WARN_UNUSED_FUNCTION = YES;
				GCC_WARN_UNUSED_VARIABLE = YES;
				IPHONEOS_DEPLOYMENT_TARGET = 15.2;
				MTL_ENABLE_DEBUG_INFO = NO;
				MTL_FAST_MATH = YES;
				SDKROOT = iphoneos;
				SWIFT_COMPILATION_MODE = wholemodule;
				SWIFT_OPTIMIZATION_LEVEL = "-O";
				VALIDATE_PRODUCT = YES;
			};
			name = Release;
		};
		D2CBB6AD279442130052F41E /* Debug */ = {
			isa = XCBuildConfiguration;
			baseConfigurationReference = C8C6F5B9CA0C17098B70215E /* Pods-Barcodrop.debug.xcconfig */;
			buildSettings = {
				ASSETCATALOG_COMPILER_APPICON_NAME = AppIcon;
				ASSETCATALOG_COMPILER_GLOBAL_ACCENT_COLOR_NAME = AccentColor;
				CODE_SIGN_STYLE = Automatic;
				CURRENT_PROJECT_VERSION = 1;
				DEVELOPMENT_TEAM = L2HU44QQL5;
				GENERATE_INFOPLIST_FILE = YES;
				INFOPLIST_FILE = Barcodrop/Info.plist;
				INFOPLIST_KEY_UIApplicationSupportsIndirectInputEvents = YES;
				INFOPLIST_KEY_UILaunchStoryboardName = LaunchScreen;
				INFOPLIST_KEY_UIMainStoryboardFile = Main;
				INFOPLIST_KEY_UISupportedInterfaceOrientations_iPad = "UIInterfaceOrientationPortrait UIInterfaceOrientationPortraitUpsideDown UIInterfaceOrientationLandscapeLeft UIInterfaceOrientationLandscapeRight";
				INFOPLIST_KEY_UISupportedInterfaceOrientations_iPhone = "UIInterfaceOrientationPortrait UIInterfaceOrientationLandscapeLeft UIInterfaceOrientationLandscapeRight";
				IPHONEOS_DEPLOYMENT_TARGET = 14.0;
				LD_RUNPATH_SEARCH_PATHS = (
					"$(inherited)",
					"@executable_path/Frameworks",
				);
				MARKETING_VERSION = 1.0;
				PRODUCT_BUNDLE_IDENTIFIER = com.sg.Barcodrop.Barcodrop;
				PRODUCT_NAME = "$(TARGET_NAME)";
				SWIFT_EMIT_LOC_STRINGS = YES;
				SWIFT_VERSION = 5.0;
				TARGETED_DEVICE_FAMILY = 1;
			};
			name = Debug;
		};
		D2CBB6AE279442130052F41E /* Release */ = {
			isa = XCBuildConfiguration;
			baseConfigurationReference = 59CBA36907BC06EFFE01C774 /* Pods-Barcodrop.release.xcconfig */;
			buildSettings = {
				ASSETCATALOG_COMPILER_APPICON_NAME = AppIcon;
				ASSETCATALOG_COMPILER_GLOBAL_ACCENT_COLOR_NAME = AccentColor;
				CODE_SIGN_STYLE = Automatic;
				CURRENT_PROJECT_VERSION = 1;
				DEVELOPMENT_TEAM = L2HU44QQL5;
				GENERATE_INFOPLIST_FILE = YES;
				INFOPLIST_FILE = Barcodrop/Info.plist;
				INFOPLIST_KEY_UIApplicationSupportsIndirectInputEvents = YES;
				INFOPLIST_KEY_UILaunchStoryboardName = LaunchScreen;
				INFOPLIST_KEY_UIMainStoryboardFile = Main;
				INFOPLIST_KEY_UISupportedInterfaceOrientations_iPad = "UIInterfaceOrientationPortrait UIInterfaceOrientationPortraitUpsideDown UIInterfaceOrientationLandscapeLeft UIInterfaceOrientationLandscapeRight";
				INFOPLIST_KEY_UISupportedInterfaceOrientations_iPhone = "UIInterfaceOrientationPortrait UIInterfaceOrientationLandscapeLeft UIInterfaceOrientationLandscapeRight";
				IPHONEOS_DEPLOYMENT_TARGET = 14.0;
				LD_RUNPATH_SEARCH_PATHS = (
					"$(inherited)",
					"@executable_path/Frameworks",
				);
				MARKETING_VERSION = 1.0;
				PRODUCT_BUNDLE_IDENTIFIER = com.sg.Barcodrop.Barcodrop;
				PRODUCT_NAME = "$(TARGET_NAME)";
				SWIFT_EMIT_LOC_STRINGS = YES;
				SWIFT_VERSION = 5.0;
				TARGETED_DEVICE_FAMILY = 1;
			};
			name = Release;
		};
/* End XCBuildConfiguration section */

/* Begin XCConfigurationList section */
		D2CBB693279442130052F41E /* Build configuration list for PBXProject "Barcodrop" */ = {
			isa = XCConfigurationList;
			buildConfigurations = (
				D2CBB6AA279442130052F41E /* Debug */,
				D2CBB6AB279442130052F41E /* Release */,
			);
			defaultConfigurationIsVisible = 0;
			defaultConfigurationName = Release;
		};
		D2CBB6AC279442130052F41E /* Build configuration list for PBXNativeTarget "Barcodrop" */ = {
			isa = XCConfigurationList;
			buildConfigurations = (
				D2CBB6AD279442130052F41E /* Debug */,
				D2CBB6AE279442130052F41E /* Release */,
			);
			defaultConfigurationIsVisible = 0;
			defaultConfigurationName = Release;
		};
/* End XCConfigurationList section */
	};
	rootObject = D2CBB690279442130052F41E /* Project object */;
}
